{
  "object": {
    "pins": [
      {
        "package": "InstallSwiftScript",
        "repositoryURL": "https://github.com/DIY-Team/install-swift-script.git",
        "state": {
          "branch": null,
          "revision": "48ee40f2eaad4648fd65fb767232a6548927ade7",
          "version": "0.0.2"
        }
      },
      {
        "package": "RunsShellCommand",
        "repositoryURL": "https://github.com/DIY-Team/RunsShellCommand",
        "state": {
          "branch": null,
          "revision": "271615362a67107e832eb9da881d8309489d94b2",
          "version": "0.0.1"
        }
      },
      {
        "package": "ShellOut",
        "repositoryURL": "https://github.com/JohnSundell/ShellOut.git",
        "state": {
          "branch": null,
          "revision": "e1577acf2b6e90086d01a6d5e2b8efdaae033568",
          "version": "2.3.0"
        }
      }
    ]
  },
  "version": 1
}
